
Microsoft Visual Studio Solution File, Format Version 12.00
# Visual Studio Version 17
VisualStudioVersion = 17.7.34031.279
MinimumVisualStudioVersion = 10.0.40219.1
Project("{2150E333-8FDC-42A3-9474-1A3956D46DE8}") = "Common", "Common", "{FFE783F3-14EF-40C5-8D98-00DD12D41840}"
EndProject
Project("{2150E333-8FDC-42A3-9474-1A3956D46DE8}") = "Src", "Src", "{CE709CD6-7D70-46B0-B21B-FA4108EF8E43}"
EndProject
Project("{9A19103F-16F7-4668-BE54-9A1E7A4F7556}") = "Mapdoon.Application", "Src\Appdoon.Application\Mapdoon.Application.csproj", "{9679698E-F228-4C2E-9111-C0B7AA02E39F}"
EndProject
Project("{9A19103F-16F7-4668-BE54-9A1E7A4F7556}") = "Mapdoon.Common", "Src\Appdoon.Common\Mapdoon.Common.csproj", "{BE7307EA-6A0F-4155-AE2E-71E45C92D767}"
EndProject
Project("{9A19103F-16F7-4668-BE54-9A1E7A4F7556}") = "Mapdoon.Domain", "Src\Appdoon.Domain\Mapdoon.Domain.csproj", "{CF4D0E85-B7FB-4AD1-A891-7B5D7B676EBF}"
EndProject
Project("{9A19103F-16F7-4668-BE54-9A1E7A4F7556}") = "Mapdoon.Presistence", "Src\Appdoon.Presistence\Mapdoon.Presistence.csproj", "{109D8302-9513-4EE7-944F-D3013EFA5964}"
EndProject
Project("{9A19103F-16F7-4668-BE54-9A1E7A4F7556}") = "Mapdoon.WebApi", "Src\Appdoon.WebApi\Mapdoon.WebApi.csproj", "{A1017BBC-DFC3-49FB-B772-DF6DE0BEE9CB}"
EndProject
Project("{2150E333-8FDC-42A3-9474-1A3956D46DE8}") = "Doc", "Doc", "{30BFD3BB-FFB9-456A-A686-729C573F3DD4}"
	ProjectSection(SolutionItems) = preProject
		Doc\Instruction For Creating Full Stack Project With Asp .Net(Back) And ReactJs(Front).docx = Doc\Instruction For Creating Full Stack Project With Asp .Net(Back) And ReactJs(Front).docx
		Doc\Instruction For Creating Full Stack Project With Asp .Net(Back) And ReactJs(Front).pdf = Doc\Instruction For Creating Full Stack Project With Asp .Net(Back) And ReactJs(Front).pdf
	EndProjectSection
EndProject
Project("{2150E333-8FDC-42A3-9474-1A3956D46DE8}") = "Tests", "Tests", "{1DCBAD2C-6E8B-49E3-AD80-03E125B069D1}"
EndProject
Project("{FAE04EC0-301F-11D3-BF4B-00C04F79EFBC}") = "Mapdoon.Application.Tests", "Tests\Mapdoon.Application.Tests\Mapdoon.Application.Tests.csproj", "{36A160D9-03BC-4A47-8D68-C0CB58372C4F}"
EndProject
Global
	GlobalSection(SolutionConfigurationPlatforms) = preSolution
		Debug|Any CPU = Debug|Any CPU
		Release|Any CPU = Release|Any CPU
	EndGlobalSection
	GlobalSection(ProjectConfigurationPlatforms) = postSolution
		{9679698E-F228-4C2E-9111-C0B7AA02E39F}.Debug|Any CPU.ActiveCfg = Debug|Any CPU
		{9679698E-F228-4C2E-9111-C0B7AA02E39F}.Debug|Any CPU.Build.0 = Debug|Any CPU
		{9679698E-F228-4C2E-9111-C0B7AA02E39F}.Release|Any CPU.ActiveCfg = Release|Any CPU
		{9679698E-F228-4C2E-9111-C0B7AA02E39F}.Release|Any CPU.Build.0 = Release|Any CPU
		{BE7307EA-6A0F-4155-AE2E-71E45C92D767}.Debug|Any CPU.ActiveCfg = Debug|Any CPU
		{BE7307EA-6A0F-4155-AE2E-71E45C92D767}.Debug|Any CPU.Build.0 = Debug|Any CPU
		{BE7307EA-6A0F-4155-AE2E-71E45C92D767}.Release|Any CPU.ActiveCfg = Release|Any CPU
		{BE7307EA-6A0F-4155-AE2E-71E45C92D767}.Release|Any CPU.Build.0 = Release|Any CPU
		{CF4D0E85-B7FB-4AD1-A891-7B5D7B676EBF}.Debug|Any CPU.ActiveCfg = Debug|Any CPU
		{CF4D0E85-B7FB-4AD1-A891-7B5D7B676EBF}.Debug|Any CPU.Build.0 = Debug|Any CPU
		{CF4D0E85-B7FB-4AD1-A891-7B5D7B676EBF}.Release|Any CPU.ActiveCfg = Release|Any CPU
		{CF4D0E85-B7FB-4AD1-A891-7B5D7B676EBF}.Release|Any CPU.Build.0 = Release|Any CPU
		{109D8302-9513-4EE7-944F-D3013EFA5964}.Debug|Any CPU.ActiveCfg = Debug|Any CPU
		{109D8302-9513-4EE7-944F-D3013EFA5964}.Debug|Any CPU.Build.0 = Debug|Any CPU
		{109D8302-9513-4EE7-944F-D3013EFA5964}.Release|Any CPU.ActiveCfg = Release|Any CPU
		{109D8302-9513-4EE7-944F-D3013EFA5964}.Release|Any CPU.Build.0 = Release|Any CPU
		{A1017BBC-DFC3-49FB-B772-DF6DE0BEE9CB}.Debug|Any CPU.ActiveCfg = Debug|Any CPU
		{A1017BBC-DFC3-49FB-B772-DF6DE0BEE9CB}.Debug|Any CPU.Build.0 = Debug|Any CPU
		{A1017BBC-DFC3-49FB-B772-DF6DE0BEE9CB}.Release|Any CPU.ActiveCfg = Release|Any CPU
		{A1017BBC-DFC3-49FB-B772-DF6DE0BEE9CB}.Release|Any CPU.Build.0 = Release|Any CPU
		{36A160D9-03BC-4A47-8D68-C0CB58372C4F}.Debug|Any CPU.ActiveCfg = Debug|Any CPU
		{36A160D9-03BC-4A47-8D68-C0CB58372C4F}.Debug|Any CPU.Build.0 = Debug|Any CPU
		{36A160D9-03BC-4A47-8D68-C0CB58372C4F}.Release|Any CPU.ActiveCfg = Release|Any CPU
		{36A160D9-03BC-4A47-8D68-C0CB58372C4F}.Release|Any CPU.Build.0 = Release|Any CPU
	EndGlobalSection
	GlobalSection(SolutionProperties) = preSolution
		HideSolutionNode = FALSE
	EndGlobalSection
	GlobalSection(NestedProjects) = preSolution
		{FFE783F3-14EF-40C5-8D98-00DD12D41840} = {CE709CD6-7D70-46B0-B21B-FA4108EF8E43}
		{9679698E-F228-4C2E-9111-C0B7AA02E39F} = {CE709CD6-7D70-46B0-B21B-FA4108EF8E43}
		{BE7307EA-6A0F-4155-AE2E-71E45C92D767} = {FFE783F3-14EF-40C5-8D98-00DD12D41840}
		{CF4D0E85-B7FB-4AD1-A891-7B5D7B676EBF} = {CE709CD6-7D70-46B0-B21B-FA4108EF8E43}
		{109D8302-9513-4EE7-944F-D3013EFA5964} = {CE709CD6-7D70-46B0-B21B-FA4108EF8E43}
		{A1017BBC-DFC3-49FB-B772-DF6DE0BEE9CB} = {CE709CD6-7D70-46B0-B21B-FA4108EF8E43}
		{36A160D9-03BC-4A47-8D68-C0CB58372C4F} = {1DCBAD2C-6E8B-49E3-AD80-03E125B069D1}
	EndGlobalSection
	GlobalSection(ExtensibilityGlobals) = postSolution
		SolutionGuid = {D47DD17F-8BC2-4E71-8A31-F9C2C0C786F0}
	EndGlobalSection
EndGlobal
